{
  "name": "linkedin-candidate-scraper",
  "version": "1.0.0",
  "lockfileVersion": 3,
  "requires": true,
  "packages": {
    "": {
      "name": "linkedin-candidate-scraper",
      "version": "1.0.0",
      "description": "Professional Chrome extension for extracting candidate information from LinkedIn job applicant pages and exporting to Excel format. Perfect for recruiters, HR professionals, and talent acquisition teams. Features automated data collection, privacy-first design, and professional Excel export capabilities.",
      "main": "src/js/content.js",
      "scripts": {
        "validate": "node scripts/validate.js",
        "test": "npm run validate",
        "build": "echo 'No build process required for Chrome extension'",
        "dev": "echo 'Load extension in Chrome with Developer mode enabled'",
        "ci": "npm run validate"
      },
      "keywords": [
        "chrome-extension",
        "linkedin",
        "scraper",
        "recruitment",
        "excel-export",
        "candidate-management",
        "hr-tools",
        "data-extraction",
        "talent-acquisition",
        "recruitment-automation",
        "linkedin-candidate-scraper",
        "applicant-data-extraction",
        "hr-recruitment-tool",
        "candidate-database-builder",
        "linkedin-applicant-tracker",
        "recruitment-data-collection",
        "talent-pipeline-management",
        "linkedin-candidate-organizer",
        "hr-data-extraction-tool",
        "recruitment-workflow-automation",
        "linkedin-applicant-information",
        "candidate-sourcing-tool",
        "recruitment-analytics-data",
        "chrome-extension-development",
        "linkedin-api",
        "data-scraping",
        "excel-export-tool",
        "recruitment-software",
        "hr-automation",
        "talent-management",
        "candidate-tracking",
        "recruitment-crm",
        "linkedin-recruitment",
        "applicant-tracking-system",
        "recruitment-data-management"
      ],
      "author": "LinkedIn Candidate Scraper Team",
      "license": "MIT",
      "repository": {
        "type": "git",
        "url": "https://github.com/ist00dent/linkedin-candidate-scraper.git"
      },
      "bugs": {
        "url": "https://github.com/ist00dent/linkedin-candidate-scraper/issues"
      },
      "homepage": "https://github.com/ist00dent/linkedin-candidate-scraper#readme",
      "engines": {
        "node": ">=14.0.0"
      },
      "devDependencies": {},
      "dependencies": {},
      "browserslist": [
        "Chrome >= 88"
      ],
      "funding": {
        "type": "github",
        "url": "https://github.com/ist00dent/linkedin-candidate-scraper"
      },
      "topics": [
        "chrome-extension",
        "linkedin",
        "scraper",
        "recruitment",
        "hr-tools",
        "talent-acquisition",
        "data-extraction",
        "excel-export",
        "candidate-management",
        "recruitment-automation",
        "linkedin-candidate-scraper",
        "applicant-data",
        "hr-recruitment",
        "talent-pipeline",
        "recruitment-software"
      ],
      "manifest": {
        "name": "LinkedIn Candidate Scraper",
        "version": "1.0.0",
        "description": "Extract candidate information from LinkedIn job applicant pages and export to Excel format. Built for efficient recruitment data management.",
        "permissions": [
          "activeTab",
          "storage",
          "downloads",
          "notifications"
        ],
        "host_permissions": [
          "https://*.linkedin.com/*"
        ]
      },
      "files": [
        "src/",
        "docs/",
        "scripts/",
        "manifest.json",
        "README.md",
        "LICENSE",
        "CHANGELOG.md",
        "SETUP.md"
      ],
      "publishConfig": {
        "access": "public"
      }
    }
  }
} 